github.com/aws/aws-sdk-go-v2 v1.37.1 h1:SMUxeNz3Z6nqGsXv0JuJXc8w5YMtrQMuIBmDx//bBDY=
github.com/aws/aws-sdk-go-v2 v1.37.1/go.mod h1:9Q0OoGQoboYIAJyslFyF1f5K1Ryddop8gqMhWx/n4Wg=
github.com/aws/aws-sdk-go-v2/aws/protocol/eventstream v1.7.0 h1:6GMWV6CNpA/6fbFHnoAjrv4+LGfyTqZz2LtCHnspgDg=
github.com/aws/aws-sdk-go-v2/aws/protocol/eventstream v1.7.0/go.mod h1:/mXlTIVG9jbxkqDnr5UQNQxW1HRYxeGklkM9vAFeabg=
github.com/aws/aws-sdk-go-v2/config v1.30.2 h1:YE1BmSc4fFYqFgN1mN8uzrtc7R9x+7oSWeX8ckoltAw=
github.com/aws/aws-sdk-go-v2/config v1.30.2/go.mod h1:UNrLGZ6jfAVjgVJpkIxjLufRJqTXCVYOpkeVf83kwBo=
github.com/aws/aws-sdk-go-v2/credentials v1.18.2 h1:mfm0GKY/PHLhs7KO0sUaOtFnIQ15Qqxt+wXbO/5fIfs=
github.com/aws/aws-sdk-go-v2/credentials v1.18.2/go.mod h1:v0SdJX6ayPeZFQxgXUKw5RhLpAoZUuynxWDfh8+Eknc=
github.com/aws/aws-sdk-go-v2/feature/ec2/imds v1.18.1 h1:owmNBboeA0kHKDcdF8KiSXmrIuXZustfMGGytv6OMkM=
github.com/aws/aws-sdk-go-v2/feature/ec2/imds v1.18.1/go.mod h1:Bg1miN59SGxrZqlP8vJZSmXW+1N8Y1MjQDq1OfuNod8=
github.com/aws/aws-sdk-go-v2/internal/configsources v1.4.1 h1:ksZXBYv80EFTcgc8OJO48aQ8XDWXIQL7gGasPeCoTzI=
github.com/aws/aws-sdk-go-v2/internal/configsources v1.4.1/go.mod h1:HSksQyyJETVZS7uM54cir0IgxttTD+8aEoJMPGepHBI=
github.com/aws/aws-sdk-go-v2/internal/endpoints/v2 v2.7.1 h1:+dn/xF/05utS7tUhjIcndbuaPjfll2LhbH1cCDGLYUQ=
github.com/aws/aws-sdk-go-v2/internal/endpoints/v2 v2.7.1/go.mod h1:hyAGz30LHdm5KBZDI58MXx5lDVZ5CUfvfTZvMu4HCZo=
github.com/aws/aws-sdk-go-v2/internal/ini v1.8.3 h1:bIqFDwgGXXN1Kpp99pDOdKMTTb5d2KyU5X/BZxjOkRo=
github.com/aws/aws-sdk-go-v2/internal/ini v1.8.3/go.mod h1:H5O/EsxDWyU+LP/V8i5sm8cxoZgc2fdNR9bxlOFrQTo=
github.com/aws/aws-sdk-go-v2/service/cloudfront v1.49.0 h1:ZABkPLtfK+q2GkW1pA+NukaGM/EAKamEUR347B1md2U=
github.com/aws/aws-sdk-go-v2/service/cloudfront v1.49.0/go.mod h1:PHC5ybfgglvCqD7fLaqR5A7LIuJqIoUxhlwF/8faMt0=
github.com/aws/aws-sdk-go-v2/service/cloudwatchlogs v1.54.1 h1:eKC7wj2CjC0dJcTPPZa33ku+mueglsEb3c8L8GMarnQ=
github.com/aws/aws-sdk-go-v2/service/cloudwatchlogs v1.54.1/go.mod h1:+Y32vrMhsQMA+q2x2cyQrox40n9RSkmZ6t+sGujF0ME=
github.com/aws/aws-sdk-go-v2/service/cognitoidentity v1.30.1 h1:NB1+cWutptq+UHLSodvhdhNw8mSf3L2slhysVs5HCh8=
github.com/aws/aws-sdk-go-v2/service/cognitoidentity v1.30.1/go.mod h1:nPuM/gz996X+i7RSnw1LNdaP9NFBMgEpamx6YB2mrQQ=
github.com/aws/aws-sdk-go-v2/service/dynamodb v1.45.1 h1:gFD9BLrXox2Q5zxFwyD2OnGb40YYofQ/anaGxVP848Q=
github.com/aws/aws-sdk-go-v2/service/dynamodb v1.45.1/go.mod h1:J+qJkxNypYjDcwXldBH+ox2T7OshtP6LOq5VhU0v6hg=
github.com/aws/aws-sdk-go-v2/service/ecs v1.61.1 h1:C9YpiBJwF9ORx1PNLK7hIT9edNcezQs+ioCT64414+8=
github.com/aws/aws-sdk-go-v2/service/ecs v1.61.1/go.mod h1:NzX/k/6nc9X5l1NShl1p2PLbBZ2IohBcD0d76o7uPtw=
github.com/aws/aws-sdk-go-v2/service/iam v1.44.1 h1:V82Oyj0zU2QFJL+qvvdAqt2YYsRO0QNb9RewnvDWpdo=
github.com/aws/aws-sdk-go-v2/service/iam v1.44.1/go.mod h1:aZ7pMz0bZfPi485gVCIinav3M61EbkGENEMlcMMWuhI=
github.com/aws/aws-sdk-go-v2/service/internal/accept-encoding v1.13.0 h1:6+lZi2JeGKtCraAj1rpoZfKqnQ9SptseRZioejfUOLM=
github.com/aws/aws-sdk-go-v2/service/internal/accept-encoding v1.13.0/go.mod h1:eb3gfbVIxIoGgJsi9pGne19dhCBpK6opTYpQqAmdy44=
github.com/aws/aws-sdk-go-v2/service/internal/endpoint-discovery v1.11.1 h1:/E4JUPMI8LRX2XpXsbmKN42l1lZPoLjGJ/Kun97pLc0=
github.com/aws/aws-sdk-go-v2/service/internal/endpoint-discovery v1.11.1/go.mod h1:qgbd/t8S8y5e87KPQ4kC0kyxZ0K6nC1QiDtFMoxlsOo=
github.com/aws/aws-sdk-go-v2/service/internal/presigned-url v1.13.1 h1:ky79ysLMxhwk5rxJtS+ILd3Mc8kC5fhsLBrP27r6h4I=
github.com/aws/aws-sdk-go-v2/service/internal/presigned-url v1.13.1/go.mod h1:+2MmkvFvPYM1vsozBWduoLJUi5maxFk5B7KJFECujhY=
github.com/aws/aws-sdk-go-v2/service/lambda v1.74.1 h1:UOf0eSkWmna/6lR+tOwJYJaTSJsA/WFYm86nE2VPklY=
github.com/aws/aws-sdk-go-v2/service/lambda v1.74.1/go.mod h1:6wi1Ji6Z2WhSfVVrFj40GbWCX+cjaCEaTuCXnAVFytM=
github.com/aws/aws-sdk-go-v2/service/ssm v1.61.1 h1:Pu5hveFc6RslFZP61W5SEMOoPd6RR2yrOu11ZxCkr+Y=
github.com/aws/aws-sdk-go-v2/service/ssm v1.61.1/go.mod h1:8OOmGP4EK2O8eJIKIgTUXTfznuhC1BBarYzb+B5ep44=
github.com/aws/aws-sdk-go-v2/service/sso v1.26.1 h1:uWaz3DoNK9MNhm7i6UGxqufwu3BEuJZm72WlpGwyVtY=
github.com/aws/aws-sdk-go-v2/service/sso v1.26.1/go.mod h1:ILpVNjL0BO+Z3Mm0SbEeUoYS9e0eJWV1BxNppp0fcb8=
github.com/aws/aws-sdk-go-v2/service/ssooidc v1.31.1 h1:XdG6/o1/ZDmn3wJU5SRAejHaWgKS4zHv0jBamuKuS2k=
github.com/aws/aws-sdk-go-v2/service/ssooidc v1.31.1/go.mod h1:oiotGTKadCOCl3vg/tYh4k45JlDF81Ka8rdumNhEnIQ=
github.com/aws/aws-sdk-go-v2/service/sts v1.35.1 h1:iF4Xxkc0H9c/K2dS0zZw3SCkj0Z7n6AMnUiiyoJND+I=
github.com/aws/aws-sdk-go-v2/service/sts v1.35.1/go.mod h1:0bxIatfN0aLq4mjoLDeBpOjOke68OsFlXPDFJ7V0MYw=
github.com/aws/smithy-go v1.22.5 h1:P9ATCXPMb2mPjYBgueqJNCA5S9UfktsW0tTxi+a7eqw=
github.com/aws/smithy-go v1.22.5/go.mod h1:t1ufH5HMublsJYulve2RKmHDC15xu1f26kHCp/HgceI=
github.com/davecgh/go-spew v1.1.1 h1:vj9j/u1bqnvCEfJOwUhtlOARqs3+rkHYY13jYWTU97c=
github.com/davecgh/go-spew v1.1.1/go.mod h1:J7Y8YcW2NihsgmVo/mv3lAwl/skON4iLHjSsI+c5H38=
github.com/go-ini/ini v1.67.0 h1:z6ZrTEZqSWOTyH2FlglNbNgARyHG8oLW9gMELqKr06A=
github.com/go-ini/ini v1.67.0/go.mod h1:ByCAeIL28uOIIG0E3PJtZPDL8WnHpFKFOtgjp+3Ies8=
github.com/pmezard/go-difflib v1.0.0 h1:4DBwDE0NGyQoBHbLQYPwSUPoCMWR5BEzIk/f1lZbAQM=
github.com/pmezard/go-difflib v1.0.0/go.mod h1:iKH77koFhYxTK1pcRnkKkqfTogsbg7gZNVY4sRDYZ/4=
github.com/sfomuseum/go-flags v0.11.0 h1:HmMm5DgLxgz8iaNsvJ79dyRXjuAyX/fruqkBeHmopL0=
github.com/sfomuseum/go-flags v0.11.0/go.mod h1:cUTByyudaM9d+iHwxsEpyYHemWVOGL/bqTRPIvydiC8=
github.com/sfomuseum/iso8601duration v1.1.0 h1:kMYzbamrZp9dRxi5iFuhjl5CzHXK6s6Bzz/c75wsq8Q=
github.com/sfomuseum/iso8601duration v1.1.0/go.mod h1:6EenGWM7y8uVquMPEZwoR+ihpIMJluw7iYiHhDTuOAk=
github.com/stretchr/testify v1.8.0 h1:pSgiaMZlXftHpm5L7V1+rVB+AZJydKsMxsQBIJw4PKk=
github.com/stretchr/testify v1.8.0/go.mod h1:yNjHg4UonilssWZ8iaSj1OCr/vHnekPRkoO+kdMU+MU=
gopkg.in/yaml.v3 v3.0.1 h1:fxVm/GzAzEWqLHuvctI91KS9hhNmmWOoWu0XTYJS7CA=
gopkg.in/yaml.v3 v3.0.1/go.mod h1:K4uyk7z7BCEPqu6E+C64Yfv1cQ7kz7rIZviUmN+EgEM=
