github.com/aaronland/go-string v1.0.0 h1:fPHmC1i9JhGzgi4qdCSXKc4xTCaLLe0uvlJMu9dHhco=
github.com/aaronland/go-string v1.0.0/go.mod h1:URh3Au/fNbM0++WjBseurE3QTp875wiJ9ImrecD+7tI=
github.com/aws/aws-sdk-go-v2 v1.41.12 h1:DIKX2c31ekm9RA2D9FBj1EWXx++9AdAqRw+e78Tq2Ck=
github.com/aws/aws-sdk-go-v2 v1.41.12/go.mod h1:27+ACypSLljLAEKsCYOmrjKh83vuTRkuAe9Uv/3A4bg=
github.com/aws/aws-sdk-go-v2/aws/protocol/eventstream v1.7.12 h1:oRtsqWgxbpeXrOlxOoQStx2M9WNbIkPq4C4Xn1or6bc=
github.com/aws/aws-sdk-go-v2/aws/protocol/eventstream v1.7.12/go.mod h1:Zg0Oe9qT+9wcezlm1a64wGJp2qZdRElVxo/seJf7jYU=
github.com/aws/aws-sdk-go-v2/config v1.32.20 h1:8VMDnWc/kEzxsI/1ngGM9mG81a8IGmIHD8KLcYGwagc=
github.com/aws/aws-sdk-go-v2/config v1.32.20/go.mod h1:PuwEpciweIXGULWeOeSTXtSbH4CW9mWdWrhdCKQI1sM=
github.com/aws/aws-sdk-go-v2/credentials v1.19.19 h1:yuFzSV1U0aRNYCQGVaTY2zW2M/L93pYHnXnrJUphYhU=
github.com/aws/aws-sdk-go-v2/credentials v1.19.19/go.mod h1:7y63L1kGzeoDlJaQ3Z578KrnmfBut96JjvJUzGwR+YE=
github.com/aws/aws-sdk-go-v2/feature/ec2/imds v1.18.25 h1:0w6dCiO8iez+YKwRhRBlL1CH/E3GTfdkuzrwj1by8vo=
github.com/aws/aws-sdk-go-v2/feature/ec2/imds v1.18.25/go.mod h1:9FDWUothyr5RCRAHc45XOiVCzUR8n/IhCYX+uVqw6vk=
github.com/aws/aws-sdk-go-v2/internal/configsources v1.4.28 h1:Xf2j7NdVcUKomlZ4iihOP4AZ3Fzlr8h4yKpXeP+OFPg=
github.com/aws/aws-sdk-go-v2/internal/configsources v1.4.28/go.mod h1:O8cDo1dW63jU7ki//kRe1z+tLGcpnD1jrouitsQddDw=
github.com/aws/aws-sdk-go-v2/internal/endpoints/v2 v2.7.28 h1:KqIfN9kpkKkcBqBbNpNGTIrXO6ExTUvFKvXkC+YAzVo=
github.com/aws/aws-sdk-go-v2/internal/endpoints/v2 v2.7.28/go.mod h1:uxtQiKvLtNS4iXVsH2McVD/ls8FKN/uUhe1hGxPjrw0=
github.com/aws/aws-sdk-go-v2/internal/v4a v1.4.28 h1:eaS9vwQ5ym4Y9S6+G/K3d3lgZhxs9Sldcn/YS7cmdKY=
github.com/aws/aws-sdk-go-v2/internal/v4a v1.4.28/go.mod h1:oTdbDr+BMs7gAYrNpD0LDTyqQfv6yOYgTDv46+xbwFY=
github.com/aws/aws-sdk-go-v2/service/acm v1.39.5 h1:r3gS8FXooxCn+wUet8PCpjpQDuvYZsA48u5Bgl8hQjU=
github.com/aws/aws-sdk-go-v2/service/acm v1.39.5/go.mod h1:5SLuQLDHTdAVjZm1wBibzITs3wcSqbEA5itBYPGgmG4=
github.com/aws/aws-sdk-go-v2/service/cloudfront v1.64.0 h1:a6XmNe8cAvfrXVKwjXzWl9HHtuyE/n4kBroNm2mSOyo=
github.com/aws/aws-sdk-go-v2/service/cloudfront v1.64.0/go.mod h1:brhMG/gR2xEB5lezxL2Cx+hqsEzGUn4LhNUtu7+ePFE=
github.com/aws/aws-sdk-go-v2/service/cloudwatchlogs v1.74.0 h1:6TqDeYdvJJEIJGg5ICy7nzC7/UuHk2Eg3wrpb5bWKPM=
github.com/aws/aws-sdk-go-v2/service/cloudwatchlogs v1.74.0/go.mod h1:MLJu3PUd8fp5Qvj4CiLvyY5H8y7kxHKlTp060Wsd+Vc=
github.com/aws/aws-sdk-go-v2/service/cognitoidentity v1.33.24 h1:DLQWli3xz20zXXwMahVJ7xVgAZTmYLfMx7bB2Blwx18=
github.com/aws/aws-sdk-go-v2/service/cognitoidentity v1.33.24/go.mod h1:D9DtGGYo4Fp2t1UwtaoTKuemugfwy5VG5aQLCqan5yk=
github.com/aws/aws-sdk-go-v2/service/dynamodb v1.57.3 h1:XgjzLEE8CrNYnr4Xmi1W5PfKsKMjp4Pu1rWkJNO43JI=
github.com/aws/aws-sdk-go-v2/service/dynamodb v1.57.3/go.mod h1:r7sfLXEN8RUA89tAHy1E7lCtVOOWIkqVy/FbnUdxW1E=
github.com/aws/aws-sdk-go-v2/service/ec2 v1.303.0 h1:qkTLlFVQDSk0tbOqn49pxZjIVY2jy3n0FBXh+PphNkk=
github.com/aws/aws-sdk-go-v2/service/ec2 v1.303.0/go.mod h1:Y95W0Hm6FYLPa6o0hbnJ+sWgmdc4ifcLFjGkdobWVhY=
github.com/aws/aws-sdk-go-v2/service/ecs v1.80.0 h1:orZYOYtvYU7A45XTWC/UchWSkkdWjOyXi8MYksnmQf0=
github.com/aws/aws-sdk-go-v2/service/ecs v1.80.0/go.mod h1:TIKZ9zIFS6W2k9FeW+r5sGVnlxp+aUt9oQ/St3Suj1o=
github.com/aws/aws-sdk-go-v2/service/iam v1.53.10 h1:kcN3I3llO7VwIY5w3Pc5FmEonpsr23Ou7Cwk4qf7dik=
github.com/aws/aws-sdk-go-v2/service/iam v1.53.10/go.mod h1:1vkJzjCYC3byO0kIrBqLPzvZpuvYhPXkuyARs6E7tM4=
github.com/aws/aws-sdk-go-v2/service/internal/accept-encoding v1.13.11 h1:rFSsqDfCMPAmG70JOsYqFZCHXkyatoGa1K4YEt/BggQ=
github.com/aws/aws-sdk-go-v2/service/internal/accept-encoding v1.13.11/go.mod h1:XG68qW+YLLFH0vnSDCou43Cgj5TeAG83O5NRSJgt04Y=
github.com/aws/aws-sdk-go-v2/service/internal/endpoint-discovery v1.11.23 h1:3Eo/PBBnjFi1+gYfaL286dpmFSW3mTfodBIybq36Qv4=
github.com/aws/aws-sdk-go-v2/service/internal/endpoint-discovery v1.11.23/go.mod h1:3oh+5xGSd1iuxonVb3Qbm+WJYlbhczT9kbzr6doJLzY=
github.com/aws/aws-sdk-go-v2/service/internal/presigned-url v1.13.27 h1:2/pUo42hhVmQcM21ttZoBOLHQymyUH8qEnZGTIuGBT8=
github.com/aws/aws-sdk-go-v2/service/internal/presigned-url v1.13.27/go.mod h1:p7hwgbwompjCRNTdB3ytlldddNt1rDBgVVMqWEVG1II=
github.com/aws/aws-sdk-go-v2/service/lambda v1.90.1 h1:odCeJgHXfQoXEWQUIzPkKvsJTWcLMsaOWowNpovPFFw=
github.com/aws/aws-sdk-go-v2/service/lambda v1.90.1/go.mod h1:NbtJVztitG7JkuoI4GSrDUlsB32zeXqKBvXj6bUxcMo=
github.com/aws/aws-sdk-go-v2/service/signin v1.1.1 h1:1VwbP3qMNfxUDEXWki4rCE5iA+44VA1lokTz9HasGzw=
github.com/aws/aws-sdk-go-v2/service/signin v1.1.1/go.mod h1:vUtyoSj0OPji3kjIVSc/GlKuWEiL33f/WFxl6dmpy/A=
github.com/aws/aws-sdk-go-v2/service/ssm v1.68.6 h1:0LPJjbSNEDHidGOXa0LfvSVbdn9/GdlJUQTgE0kFpso=
github.com/aws/aws-sdk-go-v2/service/ssm v1.68.6/go.mod h1:SrZAopBP5/lyQ6NBVXKlRp8wPIXhzBCZU98sEozmv8Y=
github.com/aws/aws-sdk-go-v2/service/sso v1.30.19 h1:N6pIsdFOW1Kd9S4KyFKXdGRBojPPxkP32+uHFWLv4Hc=
github.com/aws/aws-sdk-go-v2/service/sso v1.30.19/go.mod h1:3gt5WJArFooNmyLONS+h/R4J+o86II8du38IgCwj9dE=
github.com/aws/aws-sdk-go-v2/service/ssooidc v1.36.2 h1:hc+lBYiiTr8Zk4MTzIsQ92MeDWCIDvWGmzKUWOaBcOg=
github.com/aws/aws-sdk-go-v2/service/ssooidc v1.36.2/go.mod h1:hU6fqB3OJA6/ePheD47LQnxvjYk6br6PtQxs+Q9ojvk=
github.com/aws/aws-sdk-go-v2/service/sts v1.42.3 h1:ErklX/7uhSbkAAeyQD/Y1OoQ9hO3SJXQNEgksORW3Js=
github.com/aws/aws-sdk-go-v2/service/sts v1.42.3/go.mod h1:ULe4HCzfKPiR6R3HEurE3b1upEkuk8AkMrOKtaOxKO8=
github.com/aws/smithy-go v1.27.1 h1:4T340VFndXtADGF52gYa1POyL7s9E4Z1OeZ1hCscIw8=
github.com/aws/smithy-go v1.27.1/go.mod h1:YE2RhdIuDbA5E5bTdciG9KrW3+TiEONeUWCqxX9i1Fc=
github.com/davecgh/go-spew v1.1.0/go.mod h1:J7Y8YcW2NihsgmVo/mv3lAwl/skON4iLHjSsI+c5H38=
github.com/davecgh/go-spew v1.1.1 h1:vj9j/u1bqnvCEfJOwUhtlOARqs3+rkHYY13jYWTU97c=
github.com/davecgh/go-spew v1.1.1/go.mod h1:J7Y8YcW2NihsgmVo/mv3lAwl/skON4iLHjSsI+c5H38=
github.com/pmezard/go-difflib v1.0.0 h1:4DBwDE0NGyQoBHbLQYPwSUPoCMWR5BEzIk/f1lZbAQM=
github.com/pmezard/go-difflib v1.0.0/go.mod h1:iKH77koFhYxTK1pcRnkKkqfTogsbg7gZNVY4sRDYZ/4=
github.com/sfomuseum/go-flags v0.12.1 h1:xvg3iEz510JPr9ItPxOOF2C12JnlplodT1V/1Ty7Pg8=
github.com/sfomuseum/go-flags v0.12.1/go.mod h1:cUTByyudaM9d+iHwxsEpyYHemWVOGL/bqTRPIvydiC8=
github.com/sfomuseum/iso8601duration v1.1.0 h1:kMYzbamrZp9dRxi5iFuhjl5CzHXK6s6Bzz/c75wsq8Q=
github.com/sfomuseum/iso8601duration v1.1.0/go.mod h1:6EenGWM7y8uVquMPEZwoR+ihpIMJluw7iYiHhDTuOAk=
github.com/stretchr/objx v0.1.0/go.mod h1:HFkY916IF+rwdDfMAkV7OtwuqBVzrE8GR6GFx+wExME=
github.com/stretchr/objx v0.4.0/go.mod h1:YvHI0jy2hoMjB+UWwv71VJQ9isScKT/TqJzVSSt89Yw=
github.com/stretchr/objx v0.5.0/go.mod h1:Yh+to48EsGEfYuaHDzXPcE3xhTkx73EhmCGUpEOglKo=
github.com/stretchr/objx v0.5.2/go.mod h1:FRsXN1f5AsAjCGJKqEizvkpNtU+EGNCLh3NxZ/8L+MA=
github.com/stretchr/testify v1.7.1/go.mod h1:6Fq8oRcR53rry900zMqJjRRixrwX3KX962/h/Wwjteg=
github.com/stretchr/testify v1.8.0/go.mod h1:yNjHg4UonilssWZ8iaSj1OCr/vHnekPRkoO+kdMU+MU=
github.com/stretchr/testify v1.8.4/go.mod h1:sz/lmYIOXD/1dqDmKjjqLyZ2RngseejIcXlSw2iwfAo=
github.com/stretchr/testify v1.11.1 h1:7s2iGBzp5EwR7/aIZr8ao5+dra3wiQyKjjFuvgVKu7U=
github.com/stretchr/testify v1.11.1/go.mod h1:wZwfW3scLgRK+23gO65QZefKpKQRnfz6sD981Nm4B6U=
github.com/youmark/pkcs8 v0.0.0-20240726163527-a2c0da244d78 h1:ilQV1hzziu+LLM3zUTJ0trRztfwgjqKnBWNtSRkbmwM=
github.com/youmark/pkcs8 v0.0.0-20240726163527-a2c0da244d78/go.mod h1:aL8wCCfTfSfmXjznFBSZNN13rSJjlIOI1fUNAtF7rmI=
golang.org/x/crypto v0.52.0 h1:RMs7fP2rXdep0CftQlK8Uf+kibLm7qkCcradZWYz988=
golang.org/x/crypto v0.52.0/go.mod h1:1QgfPxDqh0T2M/elOJtp9RvuR95kVjir0e6/BvEmGbc=
gopkg.in/check.v1 v0.0.0-20161208181325-20d25e280405/go.mod h1:Co6ibVJAznAaIkqp8huTwlJQCZ016jof/cbN4VW5Yz0=
gopkg.in/ini.v1 v1.67.2 h1:JtOSMb9OuaCZKr7h5D/h6iii14sK0hLbplTc6frx4Ss=
gopkg.in/ini.v1 v1.67.2/go.mod h1:x/cyOwCgZqOkJoDIJ3c1KNHMo10+nLGAhh+kn3Zizss=
gopkg.in/yaml.v3 v3.0.0-20200313102051-9f266ea9e77c/go.mod h1:K4uyk7z7BCEPqu6E+C64Yfv1cQ7kz7rIZviUmN+EgEM=
gopkg.in/yaml.v3 v3.0.1 h1:fxVm/GzAzEWqLHuvctI91KS9hhNmmWOoWu0XTYJS7CA=
gopkg.in/yaml.v3 v3.0.1/go.mod h1:K4uyk7z7BCEPqu6E+C64Yfv1cQ7kz7rIZviUmN+EgEM=
